
Microsoft Visual Studio Solution File, Format Version 12.00
# Visual Studio Version 17
VisualStudioVersion = 17.9.34728.123
MinimumVisualStudioVersion = 10.0.40219.1
Project("{9A19103F-16F7-4668-BE54-9A1E7A4F7556}") = "AutoDoctor", "AutoDoctor\AutoDoctor.csproj", "{3BFA9F32-602B-41F4-B925-61698380631F}"
EndProject
Project("{9A19103F-16F7-4668-BE54-9A1E7A4F7556}") = "AutoDoctor.Web.ViewModels", "AutoDoctor.Web.ViewModels\AutoDoctor.Web.ViewModels.csproj", "{0565D184-59B8-4A6B-B40B-C7C0567076BB}"
EndProject
Project("{9A19103F-16F7-4668-BE54-9A1E7A4F7556}") = "AutoDoctor.Data", "AutoDoctor.Data\AutoDoctor.Data.csproj", "{B751A690-492D-437C-8F8F-8E75980B0DCF}"
EndProject
Project("{9A19103F-16F7-4668-BE54-9A1E7A4F7556}") = "AutoDoctor.Data.Models", "AutoDoctor.Data.Models\AutoDoctor.Data.Models.csproj", "{26441245-1738-4CCE-BC11-30D31FAF1D9F}"
EndProject
Global
	GlobalSection(SolutionConfigurationPlatforms) = preSolution
		Debug|Any CPU = Debug|Any CPU
		Release|Any CPU = Release|Any CPU
	EndGlobalSection
	GlobalSection(ProjectConfigurationPlatforms) = postSolution
		{3BFA9F32-602B-41F4-B925-61698380631F}.Debug|Any CPU.ActiveCfg = Debug|Any CPU
		{3BFA9F32-602B-41F4-B925-61698380631F}.Debug|Any CPU.Build.0 = Debug|Any CPU
		{3BFA9F32-602B-41F4-B925-61698380631F}.Release|Any CPU.ActiveCfg = Release|Any CPU
		{3BFA9F32-602B-41F4-B925-61698380631F}.Release|Any CPU.Build.0 = Release|Any CPU
		{0565D184-59B8-4A6B-B40B-C7C0567076BB}.Debug|Any CPU.ActiveCfg = Debug|Any CPU
		{0565D184-59B8-4A6B-B40B-C7C0567076BB}.Debug|Any CPU.Build.0 = Debug|Any CPU
		{0565D184-59B8-4A6B-B40B-C7C0567076BB}.Release|Any CPU.ActiveCfg = Release|Any CPU
		{0565D184-59B8-4A6B-B40B-C7C0567076BB}.Release|Any CPU.Build.0 = Release|Any CPU
		{B751A690-492D-437C-8F8F-8E75980B0DCF}.Debug|Any CPU.ActiveCfg = Debug|Any CPU
		{B751A690-492D-437C-8F8F-8E75980B0DCF}.Debug|Any CPU.Build.0 = Debug|Any CPU
		{B751A690-492D-437C-8F8F-8E75980B0DCF}.Release|Any CPU.ActiveCfg = Release|Any CPU
		{B751A690-492D-437C-8F8F-8E75980B0DCF}.Release|Any CPU.Build.0 = Release|Any CPU
		{26441245-1738-4CCE-BC11-30D31FAF1D9F}.Debug|Any CPU.ActiveCfg = Debug|Any CPU
		{26441245-1738-4CCE-BC11-30D31FAF1D9F}.Debug|Any CPU.Build.0 = Debug|Any CPU
		{26441245-1738-4CCE-BC11-30D31FAF1D9F}.Release|Any CPU.ActiveCfg = Release|Any CPU
		{26441245-1738-4CCE-BC11-30D31FAF1D9F}.Release|Any CPU.Build.0 = Release|Any CPU
	EndGlobalSection
	GlobalSection(SolutionProperties) = preSolution
		HideSolutionNode = FALSE
	EndGlobalSection
	GlobalSection(ExtensibilityGlobals) = postSolution
		SolutionGuid = {7D36E725-90DD-48E8-B981-BBE38C8E7C89}
	EndGlobalSection
EndGlobal
